
Microsoft Visual Studio Solution File, Format Version 12.00
# Visual Studio Version 17
VisualStudioVersion = 17.7.34024.191
MinimumVisualStudioVersion = 10.0.40219.1
Project("{FAE04EC0-301F-11D3-BF4B-00C04F79EFBC}") = "ElectroHouse", "ElectroHouse\ElectroHouse.csproj", "{1EC9F60B-577D-4D32-BA61-82F7EBB5B5BB}"
EndProject
Global
	GlobalSection(SolutionConfigurationPlatforms) = preSolution
		Debug|Any CPU = Debug|Any CPU
		Release|Any CPU = Release|Any CPU
	EndGlobalSection
	GlobalSection(ProjectConfigurationPlatforms) = postSolution
		{1EC9F60B-577D-4D32-BA61-82F7EBB5B5BB}.Debug|Any CPU.ActiveCfg = Debug|Any CPU
		{1EC9F60B-577D-4D32-BA61-82F7EBB5B5BB}.Debug|Any CPU.Build.0 = Debug|Any CPU
		{1EC9F60B-577D-4D32-BA61-82F7EBB5B5BB}.Release|Any CPU.ActiveCfg = Release|Any CPU
		{1EC9F60B-577D-4D32-BA61-82F7EBB5B5BB}.Release|Any CPU.Build.0 = Release|Any CPU
	EndGlobalSection
	GlobalSection(SolutionProperties) = preSolution
		HideSolutionNode = FALSE
	EndGlobalSection
	GlobalSection(ExtensibilityGlobals) = postSolution
		SolutionGuid = {D2F1DB10-B20A-4CE2-B518-886B7B604B12}
	EndGlobalSection
EndGlobal
